{
  "requires": true,
  "lockfileVersion": 1,
  "dependencies": {
    "lodash": {
      "version": "4.17.11",
      "resolved": "http://r.cnpmjs.org/lodash/download/lodash-4.17.11.tgz",
      "integrity": "sha1-s56mIp72B+zYniyN8SU2iRysm40="
    },
    "ruby": {
      "version": "0.6.1",
      "resolved": "http://r.cnpmjs.org/ruby/download/ruby-0.6.1.tgz",
      "integrity": "sha1-s/7leH5PnA1YFNYWaltdvPskujU=",
      "requires": {
        "lodash": "^4.13.0"
      }
    }
  }
}
